
Microsoft Visual Studio Solution File, Format Version 12.00
# Visual Studio Version 17
VisualStudioVersion = 17.8.34309.116
MinimumVisualStudioVersion = 10.0.40219.1
Project("{FAE04EC0-301F-11D3-BF4B-00C04F79EFBC}") = "UFTEncodingLearning", "UFTEncodingLearning\UFTEncodingLearning.csproj", "{783608CA-F80D-4A0F-833C-C8230EF2E8BC}"
EndProject
Global
	GlobalSection(SolutionConfigurationPlatforms) = preSolution
		Debug|Any CPU = Debug|Any CPU
		Release|Any CPU = Release|Any CPU
	EndGlobalSection
	GlobalSection(ProjectConfigurationPlatforms) = postSolution
		{783608CA-F80D-4A0F-833C-C8230EF2E8BC}.Debug|Any CPU.ActiveCfg = Debug|Any CPU
		{783608CA-F80D-4A0F-833C-C8230EF2E8BC}.Debug|Any CPU.Build.0 = Debug|Any CPU
		{783608CA-F80D-4A0F-833C-C8230EF2E8BC}.Release|Any CPU.ActiveCfg = Release|Any CPU
		{783608CA-F80D-4A0F-833C-C8230EF2E8BC}.Release|Any CPU.Build.0 = Release|Any CPU
	EndGlobalSection
	GlobalSection(SolutionProperties) = preSolution
		HideSolutionNode = FALSE
	EndGlobalSection
	GlobalSection(ExtensibilityGlobals) = postSolution
		SolutionGuid = {7DDAB54E-C241-4622-B3D8-B94AE8FE50CC}
	EndGlobalSection
EndGlobal
